// !$*UTF8*$!
{
	archiveVersion = 1;
	classes = {
	};
	objectVersion = 50;
	objects = {

/* Begin PBXBuildFile section */
		40BD9FCD26411CF700A4FBC2 /* main.m in Sources */ = {isa = PBXBuildFile; fileRef = 40BD9FCC26411CF700A4FBC2 /* main.m */; };
		40BD9FDC26411E0C00A4FBC2 /* RSShape.m in Sources */ = {isa = PBXBuildFile; fileRef = 40BD9FDB26411E0C00A4FBC2 /* RSShape.m */; };
		40BD9FE026411E3200A4FBC2 /* RSCircle.m in Sources */ = {isa = PBXBuildFile; fileRef = 40BD9FDF26411E3200A4FBC2 /* RSCircle.m */; };
		40BD9FE426411E8400A4FBC2 /* RSRectangle.m in Sources */ = {isa = PBXBuildFile; fileRef = 40BD9FE326411E8400A4FBC2 /* RSRectangle.m */; };
		40BD9FE926411EBC00A4FBC2 /* RSTriangle.m in Sources */ = {isa = PBXBuildFile; fileRef = 40BD9FE826411EBC00A4FBC2 /* RSTriangle.m */; };
/* End PBXBuildFile section */

/* Begin PBXCopyFilesBuildPhase section */
		40BD9FC726411CF700A4FBC2 /* CopyFiles */ = {
			isa = PBXCopyFilesBuildPhase;
			buildActionMask = 2147483647;
			dstPath = /usr/share/man/man1/;
			dstSubfolderSpec = 0;
			files = (
			);
			runOnlyForDeploymentPostprocessing = 1;
		};
/* End PBXCopyFilesBuildPhase section */

/* Begin PBXFileReference section */
		40BD9FC926411CF700A4FBC2 /* L1-Shapes */ = {isa = PBXFileReference; explicitFileType = "compiled.mach-o.executable"; includeInIndex = 0; path = "L1-Shapes"; sourceTree = BUILT_PRODUCTS_DIR; };
		40BD9FCC26411CF700A4FBC2 /* main.m */ = {isa = PBXFileReference; lastKnownFileType = sourcecode.c.objc; path = main.m; sourceTree = "<group>"; };
		40BD9FDA26411E0C00A4FBC2 /* RSShape.h */ = {isa = PBXFileReference; lastKnownFileType = sourcecode.c.h; path = RSShape.h; sourceTree = "<group>"; };
		40BD9FDB26411E0C00A4FBC2 /* RSShape.m */ = {isa = PBXFileReference; lastKnownFileType = sourcecode.c.objc; path = RSShape.m; sourceTree = "<group>"; };
		40BD9FDE26411E3200A4FBC2 /* RSCircle.h */ = {isa = PBXFileReference; lastKnownFileType = sourcecode.c.h; path = RSCircle.h; sourceTree = "<group>"; };
		40BD9FDF26411E3200A4FBC2 /* RSCircle.m */ = {isa = PBXFileReference; lastKnownFileType = sourcecode.c.objc; path = RSCircle.m; sourceTree = "<group>"; };
		40BD9FE226411E8400A4FBC2 /* RSRectangle.h */ = {isa = PBXFileReference; lastKnownFileType = sourcecode.c.h; path = RSRectangle.h; sourceTree = "<group>"; };
		40BD9FE326411E8400A4FBC2 /* RSRectangle.m */ = {isa = PBXFileReference; lastKnownFileType = sourcecode.c.objc; path = RSRectangle.m; sourceTree = "<group>"; };
		40BD9FE726411EBC00A4FBC2 /* RSTriangle.h */ = {isa = PBXFileReference; lastKnownFileType = sourcecode.c.h; path = RSTriangle.h; sourceTree = "<group>"; };
		40BD9FE826411EBC00A4FBC2 /* RSTriangle.m */ = {isa = PBXFileReference; lastKnownFileType = sourcecode.c.objc; path = RSTriangle.m; sourceTree = "<group>"; };
/* End PBXFileReference section */

/* Begin PBXFrameworksBuildPhase section */
		40BD9FC626411CF700A4FBC2 /* Frameworks */ = {
			isa = PBXFrameworksBuildPhase;
			buildActionMask = 2147483647;
			files = (
			);
			runOnlyForDeploymentPostprocessing = 0;
		};
/* End PBXFrameworksBuildPhase section */

/* Begin PBXGroup section */
		40BD9FC026411CF700A4FBC2 = {
			isa = PBXGroup;
			children = (
				40BD9FCB26411CF700A4FBC2 /* L1-Shapes */,
				40BD9FCA26411CF700A4FBC2 /* Products */,
			);
			sourceTree = "<group>";
		};
		40BD9FCA26411CF700A4FBC2 /* Products */ = {
			isa = PBXGroup;
			children = (
				40BD9FC926411CF700A4FBC2 /* L1-Shapes */,
			);
			name = Products;
			sourceTree = "<group>";
		};
		40BD9FCB26411CF700A4FBC2 /* L1-Shapes */ = {
			isa = PBXGroup;
			children = (
				40BD9FD426411DB900A4FBC2 /* Model */,
				40BD9FCC26411CF700A4FBC2 /* main.m */,
			);
			path = "L1-Shapes";
			sourceTree = "<group>";
		};
		40BD9FD426411DB900A4FBC2 /* Model */ = {
			isa = PBXGroup;
			children = (
				40BD9FD926411DE100A4FBC2 /* Triangle */,
				40BD9FD826411DDB00A4FBC2 /* Rectangle */,
				40BD9FD726411DD800A4FBC2 /* Circle */,
				40BD9FD526411DBF00A4FBC2 /* Shape */,
			);
			path = Model;
			sourceTree = "<group>";
		};
		40BD9FD526411DBF00A4FBC2 /* Shape */ = {
			isa = PBXGroup;
			children = (
				40BD9FDA26411E0C00A4FBC2 /* RSShape.h */,
				40BD9FDB26411E0C00A4FBC2 /* RSShape.m */,
			);
			path = Shape;
			sourceTree = "<group>";
		};
		40BD9FD726411DD800A4FBC2 /* Circle */ = {
			isa = PBXGroup;
			children = (
				40BD9FDE26411E3200A4FBC2 /* RSCircle.h */,
				40BD9FDF26411E3200A4FBC2 /* RSCircle.m */,
			);
			path = Circle;
			sourceTree = "<group>";
		};
		40BD9FD826411DDB00A4FBC2 /* Rectangle */ = {
			isa = PBXGroup;
			children = (
				40BD9FE226411E8400A4FBC2 /* RSRectangle.h */,
				40BD9FE326411E8400A4FBC2 /* RSRectangle.m */,
			);
			path = Rectangle;
			sourceTree = "<group>";
		};
		40BD9FD926411DE100A4FBC2 /* Triangle */ = {
			isa = PBXGroup;
			children = (
				40BD9FE726411EBC00A4FBC2 /* RSTriangle.h */,
				40BD9FE826411EBC00A4FBC2 /* RSTriangle.m */,
			);
			path = Triangle;
			sourceTree = "<group>";
		};
/* End PBXGroup section */

/* Begin PBXNativeTarget section */
		40BD9FC826411CF700A4FBC2 /* L1-Shapes */ = {
			isa = PBXNativeTarget;
			buildConfigurationList = 40BD9FD026411CF700A4FBC2 /* Build configuration list for PBXNativeTarget "L1-Shapes" */;
			buildPhases = (
				40BD9FC526411CF700A4FBC2 /* Sources */,
				40BD9FC626411CF700A4FBC2 /* Frameworks */,
				40BD9FC726411CF700A4FBC2 /* CopyFiles */,
			);
			buildRules = (
			);
			dependencies = (
			);
			name = "L1-Shapes";
			productName = "L1-Shapes";
			productReference = 40BD9FC926411CF700A4FBC2 /* L1-Shapes */;
			productType = "com.apple.product-type.tool";
		};
/* End PBXNativeTarget section */

/* Begin PBXProject section */
		40BD9FC126411CF700A4FBC2 /* Project object */ = {
			isa = PBXProject;
			attributes = {
				LastUpgradeCheck = 1240;
				TargetAttributes = {
					40BD9FC826411CF700A4FBC2 = {
						CreatedOnToolsVersion = 12.4;
					};
				};
			};
			buildConfigurationList = 40BD9FC426411CF700A4FBC2 /* Build configuration list for PBXProject "L1-Shapes" */;
			compatibilityVersion = "Xcode 9.3";
			developmentRegion = en;
			hasScannedForEncodings = 0;
			knownRegions = (
				en,
				Base,
			);
			mainGroup = 40BD9FC026411CF700A4FBC2;
			productRefGroup = 40BD9FCA26411CF700A4FBC2 /* Products */;
			projectDirPath = "";
			projectRoot = "";
			targets = (
				40BD9FC826411CF700A4FBC2 /* L1-Shapes */,
			);
		};
/* End PBXProject section */

/* Begin PBXSourcesBuildPhase section */
		40BD9FC526411CF700A4FBC2 /* Sources */ = {
			isa = PBXSourcesBuildPhase;
			buildActionMask = 2147483647;
			files = (
				40BD9FDC26411E0C00A4FBC2 /* RSShape.m in Sources */,
				40BD9FCD26411CF700A4FBC2 /* main.m in Sources */,
				40BD9FE926411EBC00A4FBC2 /* RSTriangle.m in Sources */,
				40BD9FE426411E8400A4FBC2 /* RSRectangle.m in Sources */,
				40BD9FE026411E3200A4FBC2 /* RSCircle.m in Sources */,
			);
			runOnlyForDeploymentPostprocessing = 0;
		};
/* End PBXSourcesBuildPhase section */

/* Begin XCBuildConfiguration section */
		40BD9FCE26411CF700A4FBC2 /* Debug */ = {
			isa = XCBuildConfiguration;
			buildSettings = {
				ALWAYS_SEARCH_USER_PATHS = NO;
				CLANG_ANALYZER_NONNULL = YES;
				CLANG_ANALYZER_NUMBER_OBJECT_CONVERSION = YES_AGGRESSIVE;
				CLANG_CXX_LANGUAGE_STANDARD = "gnu++14";
				CLANG_CXX_LIBRARY = "libc++";
				CLANG_ENABLE_MODULES = YES;
				CLANG_ENABLE_OBJC_ARC = YES;
				CLANG_ENABLE_OBJC_WEAK = YES;
				CLANG_WARN_BLOCK_CAPTURE_AUTORELEASING = YES;
				CLANG_WARN_BOOL_CONVERSION = YES;
				CLANG_WARN_COMMA = YES;
				CLANG_WARN_CONSTANT_CONVERSION = YES;
				CLANG_WARN_DEPRECATED_OBJC_IMPLEMENTATIONS = YES;
				CLANG_WARN_DIRECT_OBJC_ISA_USAGE = YES_ERROR;
				CLANG_WARN_DOCUMENTATION_COMMENTS = YES;
				CLANG_WARN_EMPTY_BODY = YES;
				CLANG_WARN_ENUM_CONVERSION = YES;
				CLANG_WARN_INFINITE_RECURSION = YES;
				CLANG_WARN_INT_CONVERSION = YES;
				CLANG_WARN_NON_LITERAL_NULL_CONVERSION = YES;
				CLANG_WARN_OBJC_IMPLICIT_RETAIN_SELF = YES;
				CLANG_WARN_OBJC_LITERAL_CONVERSION = YES;
				CLANG_WARN_OBJC_ROOT_CLASS = YES_ERROR;
				CLANG_WARN_QUOTED_INCLUDE_IN_FRAMEWORK_HEADER = YES;
				CLANG_WARN_RANGE_LOOP_ANALYSIS = YES;
				CLANG_WARN_STRICT_PROTOTYPES = YES;
				CLANG_WARN_SUSPICIOUS_MOVE = YES;
				CLANG_WARN_UNGUARDED_AVAILABILITY = YES_AGGRESSIVE;
				CLANG_WARN_UNREACHABLE_CODE = YES;
				CLANG_WARN__DUPLICATE_METHOD_MATCH = YES;
				COPY_PHASE_STRIP = NO;
				DEBUG_INFORMATION_FORMAT = dwarf;
				ENABLE_STRICT_OBJC_MSGSEND = YES;
				ENABLE_TESTABILITY = YES;
				GCC_C_LANGUAGE_STANDARD = gnu11;
				GCC_DYNAMIC_NO_PIC = NO;
				GCC_NO_COMMON_BLOCKS = YES;
				GCC_OPTIMIZATION_LEVEL = 0;
				GCC_PREPROCESSOR_DEFINITIONS = (
					"DEBUG=1",
					"$(inherited)",
				);
				GCC_WARN_64_TO_32_BIT_CONVERSION = YES;
				GCC_WARN_ABOUT_RETURN_TYPE = YES_ERROR;
				GCC_WARN_UNDECLARED_SELECTOR = YES;
				GCC_WARN_UNINITIALIZED_AUTOS = YES_AGGRESSIVE;
				GCC_WARN_UNUSED_FUNCTION = YES;
				GCC_WARN_UNUSED_VARIABLE = YES;
				MACOSX_DEPLOYMENT_TARGET = 11.1;
				MTL_ENABLE_DEBUG_INFO = INCLUDE_SOURCE;
				MTL_FAST_MATH = YES;
				ONLY_ACTIVE_ARCH = YES;
				SDKROOT = macosx;
			};
			name = Debug;
		};
		40BD9FCF26411CF700A4FBC2 /* Release */ = {
			isa = XCBuildConfiguration;
			buildSettings = {
				ALWAYS_SEARCH_USER_PATHS = NO;
				CLANG_ANALYZER_NONNULL = YES;
				CLANG_ANALYZER_NUMBER_OBJECT_CONVERSION = YES_AGGRESSIVE;
				CLANG_CXX_LANGUAGE_STANDARD = "gnu++14";
				CLANG_CXX_LIBRARY = "libc++";
				CLANG_ENABLE_MODULES = YES;
				CLANG_ENABLE_OBJC_ARC = YES;
				CLANG_ENABLE_OBJC_WEAK = YES;
				CLANG_WARN_BLOCK_CAPTURE_AUTORELEASING = YES;
				CLANG_WARN_BOOL_CONVERSION = YES;
				CLANG_WARN_COMMA = YES;
				CLANG_WARN_CONSTANT_CONVERSION = YES;
				CLANG_WARN_DEPRECATED_OBJC_IMPLEMENTATIONS = YES;
				CLANG_WARN_DIRECT_OBJC_ISA_USAGE = YES_ERROR;
				CLANG_WARN_DOCUMENTATION_COMMENTS = YES;
				CLANG_WARN_EMPTY_BODY = YES;
				CLANG_WARN_ENUM_CONVERSION = YES;
				CLANG_WARN_INFINITE_RECURSION = YES;
				CLANG_WARN_INT_CONVERSION = YES;
				CLANG_WARN_NON_LITERAL_NULL_CONVERSION = YES;
				CLANG_WARN_OBJC_IMPLICIT_RETAIN_SELF = YES;
				CLANG_WARN_OBJC_LITERAL_CONVERSION = YES;
				CLANG_WARN_OBJC_ROOT_CLASS = YES_ERROR;
				CLANG_WARN_QUOTED_INCLUDE_IN_FRAMEWORK_HEADER = YES;
				CLANG_WARN_RANGE_LOOP_ANALYSIS = YES;
				CLANG_WARN_STRICT_PROTOTYPES = YES;
				CLANG_WARN_SUSPICIOUS_MOVE = YES;
				CLANG_WARN_UNGUARDED_AVAILABILITY = YES_AGGRESSIVE;
				CLANG_WARN_UNREACHABLE_CODE = YES;
				CLANG_WARN__DUPLICATE_METHOD_MATCH = YES;
				COPY_PHASE_STRIP = NO;
				DEBUG_INFORMATION_FORMAT = "dwarf-with-dsym";
				ENABLE_NS_ASSERTIONS = NO;
				ENABLE_STRICT_OBJC_MSGSEND = YES;
				GCC_C_LANGUAGE_STANDARD = gnu11;
				GCC_NO_COMMON_BLOCKS = YES;
				GCC_WARN_64_TO_32_BIT_CONVERSION = YES;
				GCC_WARN_ABOUT_RETURN_TYPE = YES_ERROR;
				GCC_WARN_UNDECLARED_SELECTOR = YES;
				GCC_WARN_UNINITIALIZED_AUTOS = YES_AGGRESSIVE;
				GCC_WARN_UNUSED_FUNCTION = YES;
				GCC_WARN_UNUSED_VARIABLE = YES;
				MACOSX_DEPLOYMENT_TARGET = 11.1;
				MTL_ENABLE_DEBUG_INFO = NO;
				MTL_FAST_MATH = YES;
				SDKROOT = macosx;
			};
			name = Release;
		};
		40BD9FD126411CF700A4FBC2 /* Debug */ = {
			isa = XCBuildConfiguration;
			buildSettings = {
				CODE_SIGN_STYLE = Automatic;
				DEVELOPMENT_TEAM = 3Y322LSDU5;
				ENABLE_HARDENED_RUNTIME = YES;
				PRODUCT_NAME = "$(TARGET_NAME)";
			};
			name = Debug;
		};
		40BD9FD226411CF700A4FBC2 /* Release */ = {
			isa = XCBuildConfiguration;
			buildSettings = {
				CODE_SIGN_STYLE = Automatic;
				DEVELOPMENT_TEAM = 3Y322LSDU5;
				ENABLE_HARDENED_RUNTIME = YES;
				PRODUCT_NAME = "$(TARGET_NAME)";
			};
			name = Release;
		};
/* End XCBuildConfiguration section */

/* Begin XCConfigurationList section */
		40BD9FC426411CF700A4FBC2 /* Build configuration list for PBXProject "L1-Shapes" */ = {
			isa = XCConfigurationList;
			buildConfigurations = (
				40BD9FCE26411CF700A4FBC2 /* Debug */,
				40BD9FCF26411CF700A4FBC2 /* Release */,
			);
			defaultConfigurationIsVisible = 0;
			defaultConfigurationName = Release;
		};
		40BD9FD026411CF700A4FBC2 /* Build configuration list for PBXNativeTarget "L1-Shapes" */ = {
			isa = XCConfigurationList;
			buildConfigurations = (
				40BD9FD126411CF700A4FBC2 /* Debug */,
				40BD9FD226411CF700A4FBC2 /* Release */,
			);
			defaultConfigurationIsVisible = 0;
			defaultConfigurationName = Release;
		};
/* End XCConfigurationList section */
	};
	rootObject = 40BD9FC126411CF700A4FBC2 /* Project object */;
}
