// !$*UTF8*$!
{
	archiveVersion = 1;
	classes = {
	};
	objectVersion = 50;
	objects = {

/* Begin PBXBuildFile section */
		400EF227264E5A7700E6A345 /* ArrayIterator.m in Sources */ = {isa = PBXBuildFile; fileRef = 400EF226264E5A7700E6A345 /* ArrayIterator.m */; };
		40B7B001264E5C3E004F0FB1 /* DataMerger.m in Sources */ = {isa = PBXBuildFile; fileRef = 40B7B000264E5C3E004F0FB1 /* DataMerger.m */; };
		40B7B007264E650F004F0FB1 /* ArrayFilterer.m in Sources */ = {isa = PBXBuildFile; fileRef = 40B7B006264E650F004F0FB1 /* ArrayFilterer.m */; };
		40B7B00E264E6EB9004F0FB1 /* Person.m in Sources */ = {isa = PBXBuildFile; fileRef = 40B7B00D264E6EB9004F0FB1 /* Person.m */; };
		40B7B014264E78D4004F0FB1 /* DuplicateWordsRemover.m in Sources */ = {isa = PBXBuildFile; fileRef = 40B7B013264E78D4004F0FB1 /* DuplicateWordsRemover.m */; };
		40F4BD0A264D1B1A0039B6D6 /* main.m in Sources */ = {isa = PBXBuildFile; fileRef = 40F4BD09264D1B1A0039B6D6 /* main.m */; };
/* End PBXBuildFile section */

/* Begin PBXCopyFilesBuildPhase section */
		40F4BD04264D1B1A0039B6D6 /* CopyFiles */ = {
			isa = PBXCopyFilesBuildPhase;
			buildActionMask = 2147483647;
			dstPath = /usr/share/man/man1/;
			dstSubfolderSpec = 0;
			files = (
			);
			runOnlyForDeploymentPostprocessing = 1;
		};
/* End PBXCopyFilesBuildPhase section */

/* Begin PBXFileReference section */
		400EF225264E5A7700E6A345 /* ArrayIterator.h */ = {isa = PBXFileReference; lastKnownFileType = sourcecode.c.h; path = ArrayIterator.h; sourceTree = "<group>"; };
		400EF226264E5A7700E6A345 /* ArrayIterator.m */ = {isa = PBXFileReference; lastKnownFileType = sourcecode.c.objc; path = ArrayIterator.m; sourceTree = "<group>"; };
		40B7AFFF264E5C3E004F0FB1 /* DataMerger.h */ = {isa = PBXFileReference; lastKnownFileType = sourcecode.c.h; path = DataMerger.h; sourceTree = "<group>"; };
		40B7B000264E5C3E004F0FB1 /* DataMerger.m */ = {isa = PBXFileReference; lastKnownFileType = sourcecode.c.objc; path = DataMerger.m; sourceTree = "<group>"; };
		40B7B005264E650F004F0FB1 /* ArrayFilterer.h */ = {isa = PBXFileReference; lastKnownFileType = sourcecode.c.h; path = ArrayFilterer.h; sourceTree = "<group>"; };
		40B7B006264E650F004F0FB1 /* ArrayFilterer.m */ = {isa = PBXFileReference; lastKnownFileType = sourcecode.c.objc; path = ArrayFilterer.m; sourceTree = "<group>"; };
		40B7B00C264E6EB9004F0FB1 /* Person.h */ = {isa = PBXFileReference; lastKnownFileType = sourcecode.c.h; path = Person.h; sourceTree = "<group>"; };
		40B7B00D264E6EB9004F0FB1 /* Person.m */ = {isa = PBXFileReference; lastKnownFileType = sourcecode.c.objc; path = Person.m; sourceTree = "<group>"; };
		40B7B012264E78D4004F0FB1 /* DuplicateWordsRemover.h */ = {isa = PBXFileReference; lastKnownFileType = sourcecode.c.h; path = DuplicateWordsRemover.h; sourceTree = "<group>"; };
		40B7B013264E78D4004F0FB1 /* DuplicateWordsRemover.m */ = {isa = PBXFileReference; lastKnownFileType = sourcecode.c.objc; path = DuplicateWordsRemover.m; sourceTree = "<group>"; };
		40F4BD06264D1B1A0039B6D6 /* CollectionsMixedTasks */ = {isa = PBXFileReference; explicitFileType = "compiled.mach-o.executable"; includeInIndex = 0; path = CollectionsMixedTasks; sourceTree = BUILT_PRODUCTS_DIR; };
		40F4BD09264D1B1A0039B6D6 /* main.m */ = {isa = PBXFileReference; lastKnownFileType = sourcecode.c.objc; path = main.m; sourceTree = "<group>"; };
/* End PBXFileReference section */

/* Begin PBXFrameworksBuildPhase section */
		40F4BD03264D1B1A0039B6D6 /* Frameworks */ = {
			isa = PBXFrameworksBuildPhase;
			buildActionMask = 2147483647;
			files = (
			);
			runOnlyForDeploymentPostprocessing = 0;
		};
/* End PBXFrameworksBuildPhase section */

/* Begin PBXGroup section */
		400EF229264E5A7B00E6A345 /* Exercise 1 */ = {
			isa = PBXGroup;
			children = (
				400EF225264E5A7700E6A345 /* ArrayIterator.h */,
				400EF226264E5A7700E6A345 /* ArrayIterator.m */,
			);
			path = "Exercise 1";
			sourceTree = "<group>";
		};
		40B7AFFE264E5C14004F0FB1 /* Exercise 2 */ = {
			isa = PBXGroup;
			children = (
				40B7AFFF264E5C3E004F0FB1 /* DataMerger.h */,
				40B7B000264E5C3E004F0FB1 /* DataMerger.m */,
			);
			path = "Exercise 2";
			sourceTree = "<group>";
		};
		40B7B004264E63E1004F0FB1 /* Exercise 3 */ = {
			isa = PBXGroup;
			children = (
				40B7B005264E650F004F0FB1 /* ArrayFilterer.h */,
				40B7B006264E650F004F0FB1 /* ArrayFilterer.m */,
			);
			path = "Exercise 3";
			sourceTree = "<group>";
		};
		40B7B00B264E6E91004F0FB1 /* Exercise 4 */ = {
			isa = PBXGroup;
			children = (
				40B7B00C264E6EB9004F0FB1 /* Person.h */,
				40B7B00D264E6EB9004F0FB1 /* Person.m */,
			);
			path = "Exercise 4";
			sourceTree = "<group>";
		};
		40B7B011264E78AA004F0FB1 /* Exercise 5 */ = {
			isa = PBXGroup;
			children = (
				40B7B012264E78D4004F0FB1 /* DuplicateWordsRemover.h */,
				40B7B013264E78D4004F0FB1 /* DuplicateWordsRemover.m */,
			);
			path = "Exercise 5";
			sourceTree = "<group>";
		};
		40F4BCFD264D1B1A0039B6D6 = {
			isa = PBXGroup;
			children = (
				40F4BD08264D1B1A0039B6D6 /* CollectionsMixedTasks */,
				40F4BD07264D1B1A0039B6D6 /* Products */,
			);
			sourceTree = "<group>";
		};
		40F4BD07264D1B1A0039B6D6 /* Products */ = {
			isa = PBXGroup;
			children = (
				40F4BD06264D1B1A0039B6D6 /* CollectionsMixedTasks */,
			);
			name = Products;
			sourceTree = "<group>";
		};
		40F4BD08264D1B1A0039B6D6 /* CollectionsMixedTasks */ = {
			isa = PBXGroup;
			children = (
				400EF229264E5A7B00E6A345 /* Exercise 1 */,
				40B7AFFE264E5C14004F0FB1 /* Exercise 2 */,
				40B7B004264E63E1004F0FB1 /* Exercise 3 */,
				40B7B00B264E6E91004F0FB1 /* Exercise 4 */,
				40B7B011264E78AA004F0FB1 /* Exercise 5 */,
				40F4BD09264D1B1A0039B6D6 /* main.m */,
			);
			path = CollectionsMixedTasks;
			sourceTree = "<group>";
		};
/* End PBXGroup section */

/* Begin PBXNativeTarget section */
		40F4BD05264D1B1A0039B6D6 /* CollectionsMixedTasks */ = {
			isa = PBXNativeTarget;
			buildConfigurationList = 40F4BD0D264D1B1A0039B6D6 /* Build configuration list for PBXNativeTarget "CollectionsMixedTasks" */;
			buildPhases = (
				40F4BD02264D1B1A0039B6D6 /* Sources */,
				40F4BD03264D1B1A0039B6D6 /* Frameworks */,
				40F4BD04264D1B1A0039B6D6 /* CopyFiles */,
			);
			buildRules = (
			);
			dependencies = (
			);
			name = CollectionsMixedTasks;
			productName = CollectionsMixedTasks;
			productReference = 40F4BD06264D1B1A0039B6D6 /* CollectionsMixedTasks */;
			productType = "com.apple.product-type.tool";
		};
/* End PBXNativeTarget section */

/* Begin PBXProject section */
		40F4BCFE264D1B1A0039B6D6 /* Project object */ = {
			isa = PBXProject;
			attributes = {
				LastUpgradeCheck = 1240;
				TargetAttributes = {
					40F4BD05264D1B1A0039B6D6 = {
						CreatedOnToolsVersion = 12.4;
					};
				};
			};
			buildConfigurationList = 40F4BD01264D1B1A0039B6D6 /* Build configuration list for PBXProject "CollectionsMixedTasks" */;
			compatibilityVersion = "Xcode 9.3";
			developmentRegion = en;
			hasScannedForEncodings = 0;
			knownRegions = (
				en,
				Base,
			);
			mainGroup = 40F4BCFD264D1B1A0039B6D6;
			productRefGroup = 40F4BD07264D1B1A0039B6D6 /* Products */;
			projectDirPath = "";
			projectRoot = "";
			targets = (
				40F4BD05264D1B1A0039B6D6 /* CollectionsMixedTasks */,
			);
		};
/* End PBXProject section */

/* Begin PBXSourcesBuildPhase section */
		40F4BD02264D1B1A0039B6D6 /* Sources */ = {
			isa = PBXSourcesBuildPhase;
			buildActionMask = 2147483647;
			files = (
				40B7B014264E78D4004F0FB1 /* DuplicateWordsRemover.m in Sources */,
				40F4BD0A264D1B1A0039B6D6 /* main.m in Sources */,
				400EF227264E5A7700E6A345 /* ArrayIterator.m in Sources */,
				40B7B00E264E6EB9004F0FB1 /* Person.m in Sources */,
				40B7B007264E650F004F0FB1 /* ArrayFilterer.m in Sources */,
				40B7B001264E5C3E004F0FB1 /* DataMerger.m in Sources */,
			);
			runOnlyForDeploymentPostprocessing = 0;
		};
/* End PBXSourcesBuildPhase section */

/* Begin XCBuildConfiguration section */
		40F4BD0B264D1B1A0039B6D6 /* Debug */ = {
			isa = XCBuildConfiguration;
			buildSettings = {
				ALWAYS_SEARCH_USER_PATHS = NO;
				CLANG_ANALYZER_NONNULL = YES;
				CLANG_ANALYZER_NUMBER_OBJECT_CONVERSION = YES_AGGRESSIVE;
				CLANG_CXX_LANGUAGE_STANDARD = "gnu++14";
				CLANG_CXX_LIBRARY = "libc++";
				CLANG_ENABLE_MODULES = YES;
				CLANG_ENABLE_OBJC_ARC = YES;
				CLANG_ENABLE_OBJC_WEAK = YES;
				CLANG_WARN_BLOCK_CAPTURE_AUTORELEASING = YES;
				CLANG_WARN_BOOL_CONVERSION = YES;
				CLANG_WARN_COMMA = YES;
				CLANG_WARN_CONSTANT_CONVERSION = YES;
				CLANG_WARN_DEPRECATED_OBJC_IMPLEMENTATIONS = YES;
				CLANG_WARN_DIRECT_OBJC_ISA_USAGE = YES_ERROR;
				CLANG_WARN_DOCUMENTATION_COMMENTS = YES;
				CLANG_WARN_EMPTY_BODY = YES;
				CLANG_WARN_ENUM_CONVERSION = YES;
				CLANG_WARN_INFINITE_RECURSION = YES;
				CLANG_WARN_INT_CONVERSION = YES;
				CLANG_WARN_NON_LITERAL_NULL_CONVERSION = YES;
				CLANG_WARN_OBJC_IMPLICIT_RETAIN_SELF = YES;
				CLANG_WARN_OBJC_LITERAL_CONVERSION = YES;
				CLANG_WARN_OBJC_ROOT_CLASS = YES_ERROR;
				CLANG_WARN_QUOTED_INCLUDE_IN_FRAMEWORK_HEADER = YES;
				CLANG_WARN_RANGE_LOOP_ANALYSIS = YES;
				CLANG_WARN_STRICT_PROTOTYPES = YES;
				CLANG_WARN_SUSPICIOUS_MOVE = YES;
				CLANG_WARN_UNGUARDED_AVAILABILITY = YES_AGGRESSIVE;
				CLANG_WARN_UNREACHABLE_CODE = YES;
				CLANG_WARN__DUPLICATE_METHOD_MATCH = YES;
				COPY_PHASE_STRIP = NO;
				DEBUG_INFORMATION_FORMAT = dwarf;
				ENABLE_STRICT_OBJC_MSGSEND = YES;
				ENABLE_TESTABILITY = YES;
				GCC_C_LANGUAGE_STANDARD = gnu11;
				GCC_DYNAMIC_NO_PIC = NO;
				GCC_NO_COMMON_BLOCKS = YES;
				GCC_OPTIMIZATION_LEVEL = 0;
				GCC_PREPROCESSOR_DEFINITIONS = (
					"DEBUG=1",
					"$(inherited)",
				);
				GCC_WARN_64_TO_32_BIT_CONVERSION = YES;
				GCC_WARN_ABOUT_RETURN_TYPE = YES_ERROR;
				GCC_WARN_UNDECLARED_SELECTOR = YES;
				GCC_WARN_UNINITIALIZED_AUTOS = YES_AGGRESSIVE;
				GCC_WARN_UNUSED_FUNCTION = YES;
				GCC_WARN_UNUSED_VARIABLE = YES;
				MACOSX_DEPLOYMENT_TARGET = 11.1;
				MTL_ENABLE_DEBUG_INFO = INCLUDE_SOURCE;
				MTL_FAST_MATH = YES;
				ONLY_ACTIVE_ARCH = YES;
				SDKROOT = macosx;
			};
			name = Debug;
		};
		40F4BD0C264D1B1A0039B6D6 /* Release */ = {
			isa = XCBuildConfiguration;
			buildSettings = {
				ALWAYS_SEARCH_USER_PATHS = NO;
				CLANG_ANALYZER_NONNULL = YES;
				CLANG_ANALYZER_NUMBER_OBJECT_CONVERSION = YES_AGGRESSIVE;
				CLANG_CXX_LANGUAGE_STANDARD = "gnu++14";
				CLANG_CXX_LIBRARY = "libc++";
				CLANG_ENABLE_MODULES = YES;
				CLANG_ENABLE_OBJC_ARC = YES;
				CLANG_ENABLE_OBJC_WEAK = YES;
				CLANG_WARN_BLOCK_CAPTURE_AUTORELEASING = YES;
				CLANG_WARN_BOOL_CONVERSION = YES;
				CLANG_WARN_COMMA = YES;
				CLANG_WARN_CONSTANT_CONVERSION = YES;
				CLANG_WARN_DEPRECATED_OBJC_IMPLEMENTATIONS = YES;
				CLANG_WARN_DIRECT_OBJC_ISA_USAGE = YES_ERROR;
				CLANG_WARN_DOCUMENTATION_COMMENTS = YES;
				CLANG_WARN_EMPTY_BODY = YES;
				CLANG_WARN_ENUM_CONVERSION = YES;
				CLANG_WARN_INFINITE_RECURSION = YES;
				CLANG_WARN_INT_CONVERSION = YES;
				CLANG_WARN_NON_LITERAL_NULL_CONVERSION = YES;
				CLANG_WARN_OBJC_IMPLICIT_RETAIN_SELF = YES;
				CLANG_WARN_OBJC_LITERAL_CONVERSION = YES;
				CLANG_WARN_OBJC_ROOT_CLASS = YES_ERROR;
				CLANG_WARN_QUOTED_INCLUDE_IN_FRAMEWORK_HEADER = YES;
				CLANG_WARN_RANGE_LOOP_ANALYSIS = YES;
				CLANG_WARN_STRICT_PROTOTYPES = YES;
				CLANG_WARN_SUSPICIOUS_MOVE = YES;
				CLANG_WARN_UNGUARDED_AVAILABILITY = YES_AGGRESSIVE;
				CLANG_WARN_UNREACHABLE_CODE = YES;
				CLANG_WARN__DUPLICATE_METHOD_MATCH = YES;
				COPY_PHASE_STRIP = NO;
				DEBUG_INFORMATION_FORMAT = "dwarf-with-dsym";
				ENABLE_NS_ASSERTIONS = NO;
				ENABLE_STRICT_OBJC_MSGSEND = YES;
				GCC_C_LANGUAGE_STANDARD = gnu11;
				GCC_NO_COMMON_BLOCKS = YES;
				GCC_WARN_64_TO_32_BIT_CONVERSION = YES;
				GCC_WARN_ABOUT_RETURN_TYPE = YES_ERROR;
				GCC_WARN_UNDECLARED_SELECTOR = YES;
				GCC_WARN_UNINITIALIZED_AUTOS = YES_AGGRESSIVE;
				GCC_WARN_UNUSED_FUNCTION = YES;
				GCC_WARN_UNUSED_VARIABLE = YES;
				MACOSX_DEPLOYMENT_TARGET = 11.1;
				MTL_ENABLE_DEBUG_INFO = NO;
				MTL_FAST_MATH = YES;
				SDKROOT = macosx;
			};
			name = Release;
		};
		40F4BD0E264D1B1A0039B6D6 /* Debug */ = {
			isa = XCBuildConfiguration;
			buildSettings = {
				CODE_SIGN_STYLE = Automatic;
				DEVELOPMENT_TEAM = 3Y322LSDU5;
				ENABLE_HARDENED_RUNTIME = YES;
				PRODUCT_NAME = "$(TARGET_NAME)";
			};
			name = Debug;
		};
		40F4BD0F264D1B1A0039B6D6 /* Release */ = {
			isa = XCBuildConfiguration;
			buildSettings = {
				CODE_SIGN_STYLE = Automatic;
				DEVELOPMENT_TEAM = 3Y322LSDU5;
				ENABLE_HARDENED_RUNTIME = YES;
				PRODUCT_NAME = "$(TARGET_NAME)";
			};
			name = Release;
		};
/* End XCBuildConfiguration section */

/* Begin XCConfigurationList section */
		40F4BD01264D1B1A0039B6D6 /* Build configuration list for PBXProject "CollectionsMixedTasks" */ = {
			isa = XCConfigurationList;
			buildConfigurations = (
				40F4BD0B264D1B1A0039B6D6 /* Debug */,
				40F4BD0C264D1B1A0039B6D6 /* Release */,
			);
			defaultConfigurationIsVisible = 0;
			defaultConfigurationName = Release;
		};
		40F4BD0D264D1B1A0039B6D6 /* Build configuration list for PBXNativeTarget "CollectionsMixedTasks" */ = {
			isa = XCConfigurationList;
			buildConfigurations = (
				40F4BD0E264D1B1A0039B6D6 /* Debug */,
				40F4BD0F264D1B1A0039B6D6 /* Release */,
			);
			defaultConfigurationIsVisible = 0;
			defaultConfigurationName = Release;
		};
/* End XCConfigurationList section */
	};
	rootObject = 40F4BCFE264D1B1A0039B6D6 /* Project object */;
}
