// !$*UTF8*$!
{
	archiveVersion = 1;
	classes = {
	};
	objectVersion = 50;
	objects = {

/* Begin PBXBuildFile section */
		406200FA2643E30F001A77BB /* main.m in Sources */ = {isa = PBXBuildFile; fileRef = 406200F92643E30F001A77BB /* main.m */; };
		406201042643E332001A77BB /* NSString+TaskApprovable.m in Sources */ = {isa = PBXBuildFile; fileRef = 406201032643E332001A77BB /* NSString+TaskApprovable.m */; };
		4066E835264423C800340DCE /* NSDate+TaskApprovable.m in Sources */ = {isa = PBXBuildFile; fileRef = 4066E834264423C800340DCE /* NSDate+TaskApprovable.m */; };
/* End PBXBuildFile section */

/* Begin PBXCopyFilesBuildPhase section */
		406200F42643E30F001A77BB /* CopyFiles */ = {
			isa = PBXCopyFilesBuildPhase;
			buildActionMask = 2147483647;
			dstPath = /usr/share/man/man1/;
			dstSubfolderSpec = 0;
			files = (
			);
			runOnlyForDeploymentPostprocessing = 1;
		};
/* End PBXCopyFilesBuildPhase section */

/* Begin PBXFileReference section */
		406200F62643E30F001A77BB /* MixedFoundationTasks */ = {isa = PBXFileReference; explicitFileType = "compiled.mach-o.executable"; includeInIndex = 0; path = MixedFoundationTasks; sourceTree = BUILT_PRODUCTS_DIR; };
		406200F92643E30F001A77BB /* main.m */ = {isa = PBXFileReference; lastKnownFileType = sourcecode.c.objc; path = main.m; sourceTree = "<group>"; };
		406201022643E332001A77BB /* NSString+TaskApprovable.h */ = {isa = PBXFileReference; lastKnownFileType = sourcecode.c.h; path = "NSString+TaskApprovable.h"; sourceTree = "<group>"; };
		406201032643E332001A77BB /* NSString+TaskApprovable.m */ = {isa = PBXFileReference; lastKnownFileType = sourcecode.c.objc; path = "NSString+TaskApprovable.m"; sourceTree = "<group>"; };
		4066E833264423C800340DCE /* NSDate+TaskApprovable.h */ = {isa = PBXFileReference; lastKnownFileType = sourcecode.c.h; path = "NSDate+TaskApprovable.h"; sourceTree = "<group>"; };
		4066E834264423C800340DCE /* NSDate+TaskApprovable.m */ = {isa = PBXFileReference; lastKnownFileType = sourcecode.c.objc; path = "NSDate+TaskApprovable.m"; sourceTree = "<group>"; };
/* End PBXFileReference section */

/* Begin PBXFrameworksBuildPhase section */
		406200F32643E30F001A77BB /* Frameworks */ = {
			isa = PBXFrameworksBuildPhase;
			buildActionMask = 2147483647;
			files = (
			);
			runOnlyForDeploymentPostprocessing = 0;
		};
/* End PBXFrameworksBuildPhase section */

/* Begin PBXGroup section */
		406200ED2643E30F001A77BB = {
			isa = PBXGroup;
			children = (
				406200F82643E30F001A77BB /* MixedFoundationTasks */,
				406200F72643E30F001A77BB /* Products */,
			);
			sourceTree = "<group>";
		};
		406200F72643E30F001A77BB /* Products */ = {
			isa = PBXGroup;
			children = (
				406200F62643E30F001A77BB /* MixedFoundationTasks */,
			);
			name = Products;
			sourceTree = "<group>";
		};
		406200F82643E30F001A77BB /* MixedFoundationTasks */ = {
			isa = PBXGroup;
			children = (
				4066E832264423A100340DCE /* NSDate+TaskApprovable */,
				406201072643E339001A77BB /* NSString+TaskApprovable */,
				406200F92643E30F001A77BB /* main.m */,
			);
			path = MixedFoundationTasks;
			sourceTree = "<group>";
		};
		406201072643E339001A77BB /* NSString+TaskApprovable */ = {
			isa = PBXGroup;
			children = (
				406201022643E332001A77BB /* NSString+TaskApprovable.h */,
				406201032643E332001A77BB /* NSString+TaskApprovable.m */,
			);
			path = "NSString+TaskApprovable";
			sourceTree = "<group>";
		};
		4066E832264423A100340DCE /* NSDate+TaskApprovable */ = {
			isa = PBXGroup;
			children = (
				4066E833264423C800340DCE /* NSDate+TaskApprovable.h */,
				4066E834264423C800340DCE /* NSDate+TaskApprovable.m */,
			);
			path = "NSDate+TaskApprovable";
			sourceTree = "<group>";
		};
/* End PBXGroup section */

/* Begin PBXNativeTarget section */
		406200F52643E30F001A77BB /* MixedFoundationTasks */ = {
			isa = PBXNativeTarget;
			buildConfigurationList = 406200FD2643E30F001A77BB /* Build configuration list for PBXNativeTarget "MixedFoundationTasks" */;
			buildPhases = (
				406200F22643E30F001A77BB /* Sources */,
				406200F32643E30F001A77BB /* Frameworks */,
				406200F42643E30F001A77BB /* CopyFiles */,
			);
			buildRules = (
			);
			dependencies = (
			);
			name = MixedFoundationTasks;
			productName = MixedFoundationTasks;
			productReference = 406200F62643E30F001A77BB /* MixedFoundationTasks */;
			productType = "com.apple.product-type.tool";
		};
/* End PBXNativeTarget section */

/* Begin PBXProject section */
		406200EE2643E30F001A77BB /* Project object */ = {
			isa = PBXProject;
			attributes = {
				LastUpgradeCheck = 1240;
				TargetAttributes = {
					406200F52643E30F001A77BB = {
						CreatedOnToolsVersion = 12.4;
					};
				};
			};
			buildConfigurationList = 406200F12643E30F001A77BB /* Build configuration list for PBXProject "MixedFoundationTasks" */;
			compatibilityVersion = "Xcode 9.3";
			developmentRegion = en;
			hasScannedForEncodings = 0;
			knownRegions = (
				en,
				Base,
			);
			mainGroup = 406200ED2643E30F001A77BB;
			productRefGroup = 406200F72643E30F001A77BB /* Products */;
			projectDirPath = "";
			projectRoot = "";
			targets = (
				406200F52643E30F001A77BB /* MixedFoundationTasks */,
			);
		};
/* End PBXProject section */

/* Begin PBXSourcesBuildPhase section */
		406200F22643E30F001A77BB /* Sources */ = {
			isa = PBXSourcesBuildPhase;
			buildActionMask = 2147483647;
			files = (
				4066E835264423C800340DCE /* NSDate+TaskApprovable.m in Sources */,
				406201042643E332001A77BB /* NSString+TaskApprovable.m in Sources */,
				406200FA2643E30F001A77BB /* main.m in Sources */,
			);
			runOnlyForDeploymentPostprocessing = 0;
		};
/* End PBXSourcesBuildPhase section */

/* Begin XCBuildConfiguration section */
		406200FB2643E30F001A77BB /* Debug */ = {
			isa = XCBuildConfiguration;
			buildSettings = {
				ALWAYS_SEARCH_USER_PATHS = NO;
				CLANG_ANALYZER_NONNULL = YES;
				CLANG_ANALYZER_NUMBER_OBJECT_CONVERSION = YES_AGGRESSIVE;
				CLANG_CXX_LANGUAGE_STANDARD = "gnu++14";
				CLANG_CXX_LIBRARY = "libc++";
				CLANG_ENABLE_MODULES = YES;
				CLANG_ENABLE_OBJC_ARC = YES;
				CLANG_ENABLE_OBJC_WEAK = YES;
				CLANG_WARN_BLOCK_CAPTURE_AUTORELEASING = YES;
				CLANG_WARN_BOOL_CONVERSION = YES;
				CLANG_WARN_COMMA = YES;
				CLANG_WARN_CONSTANT_CONVERSION = YES;
				CLANG_WARN_DEPRECATED_OBJC_IMPLEMENTATIONS = YES;
				CLANG_WARN_DIRECT_OBJC_ISA_USAGE = YES_ERROR;
				CLANG_WARN_DOCUMENTATION_COMMENTS = YES;
				CLANG_WARN_EMPTY_BODY = YES;
				CLANG_WARN_ENUM_CONVERSION = YES;
				CLANG_WARN_INFINITE_RECURSION = YES;
				CLANG_WARN_INT_CONVERSION = YES;
				CLANG_WARN_NON_LITERAL_NULL_CONVERSION = YES;
				CLANG_WARN_OBJC_IMPLICIT_RETAIN_SELF = YES;
				CLANG_WARN_OBJC_LITERAL_CONVERSION = YES;
				CLANG_WARN_OBJC_ROOT_CLASS = YES_ERROR;
				CLANG_WARN_QUOTED_INCLUDE_IN_FRAMEWORK_HEADER = YES;
				CLANG_WARN_RANGE_LOOP_ANALYSIS = YES;
				CLANG_WARN_STRICT_PROTOTYPES = YES;
				CLANG_WARN_SUSPICIOUS_MOVE = YES;
				CLANG_WARN_UNGUARDED_AVAILABILITY = YES_AGGRESSIVE;
				CLANG_WARN_UNREACHABLE_CODE = YES;
				CLANG_WARN__DUPLICATE_METHOD_MATCH = YES;
				COPY_PHASE_STRIP = NO;
				DEBUG_INFORMATION_FORMAT = dwarf;
				ENABLE_STRICT_OBJC_MSGSEND = YES;
				ENABLE_TESTABILITY = YES;
				GCC_C_LANGUAGE_STANDARD = gnu11;
				GCC_DYNAMIC_NO_PIC = NO;
				GCC_NO_COMMON_BLOCKS = YES;
				GCC_OPTIMIZATION_LEVEL = 0;
				GCC_PREPROCESSOR_DEFINITIONS = (
					"DEBUG=1",
					"$(inherited)",
				);
				GCC_WARN_64_TO_32_BIT_CONVERSION = YES;
				GCC_WARN_ABOUT_RETURN_TYPE = YES_ERROR;
				GCC_WARN_UNDECLARED_SELECTOR = YES;
				GCC_WARN_UNINITIALIZED_AUTOS = YES_AGGRESSIVE;
				GCC_WARN_UNUSED_FUNCTION = YES;
				GCC_WARN_UNUSED_VARIABLE = YES;
				MACOSX_DEPLOYMENT_TARGET = 11.1;
				MTL_ENABLE_DEBUG_INFO = INCLUDE_SOURCE;
				MTL_FAST_MATH = YES;
				ONLY_ACTIVE_ARCH = YES;
				SDKROOT = macosx;
			};
			name = Debug;
		};
		406200FC2643E30F001A77BB /* Release */ = {
			isa = XCBuildConfiguration;
			buildSettings = {
				ALWAYS_SEARCH_USER_PATHS = NO;
				CLANG_ANALYZER_NONNULL = YES;
				CLANG_ANALYZER_NUMBER_OBJECT_CONVERSION = YES_AGGRESSIVE;
				CLANG_CXX_LANGUAGE_STANDARD = "gnu++14";
				CLANG_CXX_LIBRARY = "libc++";
				CLANG_ENABLE_MODULES = YES;
				CLANG_ENABLE_OBJC_ARC = YES;
				CLANG_ENABLE_OBJC_WEAK = YES;
				CLANG_WARN_BLOCK_CAPTURE_AUTORELEASING = YES;
				CLANG_WARN_BOOL_CONVERSION = YES;
				CLANG_WARN_COMMA = YES;
				CLANG_WARN_CONSTANT_CONVERSION = YES;
				CLANG_WARN_DEPRECATED_OBJC_IMPLEMENTATIONS = YES;
				CLANG_WARN_DIRECT_OBJC_ISA_USAGE = YES_ERROR;
				CLANG_WARN_DOCUMENTATION_COMMENTS = YES;
				CLANG_WARN_EMPTY_BODY = YES;
				CLANG_WARN_ENUM_CONVERSION = YES;
				CLANG_WARN_INFINITE_RECURSION = YES;
				CLANG_WARN_INT_CONVERSION = YES;
				CLANG_WARN_NON_LITERAL_NULL_CONVERSION = YES;
				CLANG_WARN_OBJC_IMPLICIT_RETAIN_SELF = YES;
				CLANG_WARN_OBJC_LITERAL_CONVERSION = YES;
				CLANG_WARN_OBJC_ROOT_CLASS = YES_ERROR;
				CLANG_WARN_QUOTED_INCLUDE_IN_FRAMEWORK_HEADER = YES;
				CLANG_WARN_RANGE_LOOP_ANALYSIS = YES;
				CLANG_WARN_STRICT_PROTOTYPES = YES;
				CLANG_WARN_SUSPICIOUS_MOVE = YES;
				CLANG_WARN_UNGUARDED_AVAILABILITY = YES_AGGRESSIVE;
				CLANG_WARN_UNREACHABLE_CODE = YES;
				CLANG_WARN__DUPLICATE_METHOD_MATCH = YES;
				COPY_PHASE_STRIP = NO;
				DEBUG_INFORMATION_FORMAT = "dwarf-with-dsym";
				ENABLE_NS_ASSERTIONS = NO;
				ENABLE_STRICT_OBJC_MSGSEND = YES;
				GCC_C_LANGUAGE_STANDARD = gnu11;
				GCC_NO_COMMON_BLOCKS = YES;
				GCC_WARN_64_TO_32_BIT_CONVERSION = YES;
				GCC_WARN_ABOUT_RETURN_TYPE = YES_ERROR;
				GCC_WARN_UNDECLARED_SELECTOR = YES;
				GCC_WARN_UNINITIALIZED_AUTOS = YES_AGGRESSIVE;
				GCC_WARN_UNUSED_FUNCTION = YES;
				GCC_WARN_UNUSED_VARIABLE = YES;
				MACOSX_DEPLOYMENT_TARGET = 11.1;
				MTL_ENABLE_DEBUG_INFO = NO;
				MTL_FAST_MATH = YES;
				SDKROOT = macosx;
			};
			name = Release;
		};
		406200FE2643E30F001A77BB /* Debug */ = {
			isa = XCBuildConfiguration;
			buildSettings = {
				CODE_SIGN_STYLE = Automatic;
				DEVELOPMENT_TEAM = 3Y322LSDU5;
				ENABLE_HARDENED_RUNTIME = YES;
				PRODUCT_NAME = "$(TARGET_NAME)";
			};
			name = Debug;
		};
		406200FF2643E30F001A77BB /* Release */ = {
			isa = XCBuildConfiguration;
			buildSettings = {
				CODE_SIGN_STYLE = Automatic;
				DEVELOPMENT_TEAM = 3Y322LSDU5;
				ENABLE_HARDENED_RUNTIME = YES;
				PRODUCT_NAME = "$(TARGET_NAME)";
			};
			name = Release;
		};
/* End XCBuildConfiguration section */

/* Begin XCConfigurationList section */
		406200F12643E30F001A77BB /* Build configuration list for PBXProject "MixedFoundationTasks" */ = {
			isa = XCConfigurationList;
			buildConfigurations = (
				406200FB2643E30F001A77BB /* Debug */,
				406200FC2643E30F001A77BB /* Release */,
			);
			defaultConfigurationIsVisible = 0;
			defaultConfigurationName = Release;
		};
		406200FD2643E30F001A77BB /* Build configuration list for PBXNativeTarget "MixedFoundationTasks" */ = {
			isa = XCConfigurationList;
			buildConfigurations = (
				406200FE2643E30F001A77BB /* Debug */,
				406200FF2643E30F001A77BB /* Release */,
			);
			defaultConfigurationIsVisible = 0;
			defaultConfigurationName = Release;
		};
/* End XCConfigurationList section */
	};
	rootObject = 406200EE2643E30F001A77BB /* Project object */;
}
