// !$*UTF8*$!
{
	archiveVersion = 1;
	classes = {
	};
	objectVersion = 50;
	objects = {

/* Begin PBXBuildFile section */
		40BF53A4264FA07D002D5D23 /* main.m in Sources */ = {isa = PBXBuildFile; fileRef = 40BF53A3264FA07D002D5D23 /* main.m */; };
		40BF53AE264FA095002D5D23 /* RSBroadcaster.m in Sources */ = {isa = PBXBuildFile; fileRef = 40BF53AD264FA095002D5D23 /* RSBroadcaster.m */; };
		40BF53B3264FA0CA002D5D23 /* RSListener.m in Sources */ = {isa = PBXBuildFile; fileRef = 40BF53B2264FA0CA002D5D23 /* RSListener.m */; };
/* End PBXBuildFile section */

/* Begin PBXCopyFilesBuildPhase section */
		40BF539E264FA07D002D5D23 /* CopyFiles */ = {
			isa = PBXCopyFilesBuildPhase;
			buildActionMask = 2147483647;
			dstPath = /usr/share/man/man1/;
			dstSubfolderSpec = 0;
			files = (
			);
			runOnlyForDeploymentPostprocessing = 1;
		};
/* End PBXCopyFilesBuildPhase section */

/* Begin PBXFileReference section */
		40BF53A0264FA07D002D5D23 /* PostNotifications */ = {isa = PBXFileReference; explicitFileType = "compiled.mach-o.executable"; includeInIndex = 0; path = PostNotifications; sourceTree = BUILT_PRODUCTS_DIR; };
		40BF53A3264FA07D002D5D23 /* main.m */ = {isa = PBXFileReference; lastKnownFileType = sourcecode.c.objc; path = main.m; sourceTree = "<group>"; };
		40BF53AC264FA095002D5D23 /* RSBroadcaster.h */ = {isa = PBXFileReference; lastKnownFileType = sourcecode.c.h; path = RSBroadcaster.h; sourceTree = "<group>"; };
		40BF53AD264FA095002D5D23 /* RSBroadcaster.m */ = {isa = PBXFileReference; lastKnownFileType = sourcecode.c.objc; path = RSBroadcaster.m; sourceTree = "<group>"; };
		40BF53B1264FA0CA002D5D23 /* RSListener.h */ = {isa = PBXFileReference; lastKnownFileType = sourcecode.c.h; path = RSListener.h; sourceTree = "<group>"; };
		40BF53B2264FA0CA002D5D23 /* RSListener.m */ = {isa = PBXFileReference; lastKnownFileType = sourcecode.c.objc; path = RSListener.m; sourceTree = "<group>"; };
/* End PBXFileReference section */

/* Begin PBXFrameworksBuildPhase section */
		40BF539D264FA07D002D5D23 /* Frameworks */ = {
			isa = PBXFrameworksBuildPhase;
			buildActionMask = 2147483647;
			files = (
			);
			runOnlyForDeploymentPostprocessing = 0;
		};
/* End PBXFrameworksBuildPhase section */

/* Begin PBXGroup section */
		40BF5397264FA07D002D5D23 = {
			isa = PBXGroup;
			children = (
				40BF53A2264FA07D002D5D23 /* PostNotifications */,
				40BF53A1264FA07D002D5D23 /* Products */,
			);
			sourceTree = "<group>";
		};
		40BF53A1264FA07D002D5D23 /* Products */ = {
			isa = PBXGroup;
			children = (
				40BF53A0264FA07D002D5D23 /* PostNotifications */,
			);
			name = Products;
			sourceTree = "<group>";
		};
		40BF53A2264FA07D002D5D23 /* PostNotifications */ = {
			isa = PBXGroup;
			children = (
				40BF53B0264FA0B2002D5D23 /* RSListener */,
				40BF53AB264FA083002D5D23 /* RSBroadcaster */,
				40BF53A3264FA07D002D5D23 /* main.m */,
			);
			path = PostNotifications;
			sourceTree = "<group>";
		};
		40BF53AB264FA083002D5D23 /* RSBroadcaster */ = {
			isa = PBXGroup;
			children = (
				40BF53AC264FA095002D5D23 /* RSBroadcaster.h */,
				40BF53AD264FA095002D5D23 /* RSBroadcaster.m */,
			);
			path = RSBroadcaster;
			sourceTree = "<group>";
		};
		40BF53B0264FA0B2002D5D23 /* RSListener */ = {
			isa = PBXGroup;
			children = (
				40BF53B1264FA0CA002D5D23 /* RSListener.h */,
				40BF53B2264FA0CA002D5D23 /* RSListener.m */,
			);
			path = RSListener;
			sourceTree = "<group>";
		};
/* End PBXGroup section */

/* Begin PBXNativeTarget section */
		40BF539F264FA07D002D5D23 /* PostNotifications */ = {
			isa = PBXNativeTarget;
			buildConfigurationList = 40BF53A7264FA07D002D5D23 /* Build configuration list for PBXNativeTarget "PostNotifications" */;
			buildPhases = (
				40BF539C264FA07D002D5D23 /* Sources */,
				40BF539D264FA07D002D5D23 /* Frameworks */,
				40BF539E264FA07D002D5D23 /* CopyFiles */,
			);
			buildRules = (
			);
			dependencies = (
			);
			name = PostNotifications;
			productName = PostNotifications;
			productReference = 40BF53A0264FA07D002D5D23 /* PostNotifications */;
			productType = "com.apple.product-type.tool";
		};
/* End PBXNativeTarget section */

/* Begin PBXProject section */
		40BF5398264FA07D002D5D23 /* Project object */ = {
			isa = PBXProject;
			attributes = {
				LastUpgradeCheck = 1240;
				TargetAttributes = {
					40BF539F264FA07D002D5D23 = {
						CreatedOnToolsVersion = 12.4;
					};
				};
			};
			buildConfigurationList = 40BF539B264FA07D002D5D23 /* Build configuration list for PBXProject "PostNotifications" */;
			compatibilityVersion = "Xcode 9.3";
			developmentRegion = en;
			hasScannedForEncodings = 0;
			knownRegions = (
				en,
				Base,
			);
			mainGroup = 40BF5397264FA07D002D5D23;
			productRefGroup = 40BF53A1264FA07D002D5D23 /* Products */;
			projectDirPath = "";
			projectRoot = "";
			targets = (
				40BF539F264FA07D002D5D23 /* PostNotifications */,
			);
		};
/* End PBXProject section */

/* Begin PBXSourcesBuildPhase section */
		40BF539C264FA07D002D5D23 /* Sources */ = {
			isa = PBXSourcesBuildPhase;
			buildActionMask = 2147483647;
			files = (
				40BF53B3264FA0CA002D5D23 /* RSListener.m in Sources */,
				40BF53A4264FA07D002D5D23 /* main.m in Sources */,
				40BF53AE264FA095002D5D23 /* RSBroadcaster.m in Sources */,
			);
			runOnlyForDeploymentPostprocessing = 0;
		};
/* End PBXSourcesBuildPhase section */

/* Begin XCBuildConfiguration section */
		40BF53A5264FA07D002D5D23 /* Debug */ = {
			isa = XCBuildConfiguration;
			buildSettings = {
				ALWAYS_SEARCH_USER_PATHS = NO;
				CLANG_ANALYZER_NONNULL = YES;
				CLANG_ANALYZER_NUMBER_OBJECT_CONVERSION = YES_AGGRESSIVE;
				CLANG_CXX_LANGUAGE_STANDARD = "gnu++14";
				CLANG_CXX_LIBRARY = "libc++";
				CLANG_ENABLE_MODULES = YES;
				CLANG_ENABLE_OBJC_ARC = YES;
				CLANG_ENABLE_OBJC_WEAK = YES;
				CLANG_WARN_BLOCK_CAPTURE_AUTORELEASING = YES;
				CLANG_WARN_BOOL_CONVERSION = YES;
				CLANG_WARN_COMMA = YES;
				CLANG_WARN_CONSTANT_CONVERSION = YES;
				CLANG_WARN_DEPRECATED_OBJC_IMPLEMENTATIONS = YES;
				CLANG_WARN_DIRECT_OBJC_ISA_USAGE = YES_ERROR;
				CLANG_WARN_DOCUMENTATION_COMMENTS = YES;
				CLANG_WARN_EMPTY_BODY = YES;
				CLANG_WARN_ENUM_CONVERSION = YES;
				CLANG_WARN_INFINITE_RECURSION = YES;
				CLANG_WARN_INT_CONVERSION = YES;
				CLANG_WARN_NON_LITERAL_NULL_CONVERSION = YES;
				CLANG_WARN_OBJC_IMPLICIT_RETAIN_SELF = YES;
				CLANG_WARN_OBJC_LITERAL_CONVERSION = YES;
				CLANG_WARN_OBJC_ROOT_CLASS = YES_ERROR;
				CLANG_WARN_QUOTED_INCLUDE_IN_FRAMEWORK_HEADER = YES;
				CLANG_WARN_RANGE_LOOP_ANALYSIS = YES;
				CLANG_WARN_STRICT_PROTOTYPES = YES;
				CLANG_WARN_SUSPICIOUS_MOVE = YES;
				CLANG_WARN_UNGUARDED_AVAILABILITY = YES_AGGRESSIVE;
				CLANG_WARN_UNREACHABLE_CODE = YES;
				CLANG_WARN__DUPLICATE_METHOD_MATCH = YES;
				COPY_PHASE_STRIP = NO;
				DEBUG_INFORMATION_FORMAT = dwarf;
				ENABLE_STRICT_OBJC_MSGSEND = YES;
				ENABLE_TESTABILITY = YES;
				GCC_C_LANGUAGE_STANDARD = gnu11;
				GCC_DYNAMIC_NO_PIC = NO;
				GCC_NO_COMMON_BLOCKS = YES;
				GCC_OPTIMIZATION_LEVEL = 0;
				GCC_PREPROCESSOR_DEFINITIONS = (
					"DEBUG=1",
					"$(inherited)",
				);
				GCC_WARN_64_TO_32_BIT_CONVERSION = YES;
				GCC_WARN_ABOUT_RETURN_TYPE = YES_ERROR;
				GCC_WARN_UNDECLARED_SELECTOR = YES;
				GCC_WARN_UNINITIALIZED_AUTOS = YES_AGGRESSIVE;
				GCC_WARN_UNUSED_FUNCTION = YES;
				GCC_WARN_UNUSED_VARIABLE = YES;
				MACOSX_DEPLOYMENT_TARGET = 11.1;
				MTL_ENABLE_DEBUG_INFO = INCLUDE_SOURCE;
				MTL_FAST_MATH = YES;
				ONLY_ACTIVE_ARCH = YES;
				SDKROOT = macosx;
			};
			name = Debug;
		};
		40BF53A6264FA07D002D5D23 /* Release */ = {
			isa = XCBuildConfiguration;
			buildSettings = {
				ALWAYS_SEARCH_USER_PATHS = NO;
				CLANG_ANALYZER_NONNULL = YES;
				CLANG_ANALYZER_NUMBER_OBJECT_CONVERSION = YES_AGGRESSIVE;
				CLANG_CXX_LANGUAGE_STANDARD = "gnu++14";
				CLANG_CXX_LIBRARY = "libc++";
				CLANG_ENABLE_MODULES = YES;
				CLANG_ENABLE_OBJC_ARC = YES;
				CLANG_ENABLE_OBJC_WEAK = YES;
				CLANG_WARN_BLOCK_CAPTURE_AUTORELEASING = YES;
				CLANG_WARN_BOOL_CONVERSION = YES;
				CLANG_WARN_COMMA = YES;
				CLANG_WARN_CONSTANT_CONVERSION = YES;
				CLANG_WARN_DEPRECATED_OBJC_IMPLEMENTATIONS = YES;
				CLANG_WARN_DIRECT_OBJC_ISA_USAGE = YES_ERROR;
				CLANG_WARN_DOCUMENTATION_COMMENTS = YES;
				CLANG_WARN_EMPTY_BODY = YES;
				CLANG_WARN_ENUM_CONVERSION = YES;
				CLANG_WARN_INFINITE_RECURSION = YES;
				CLANG_WARN_INT_CONVERSION = YES;
				CLANG_WARN_NON_LITERAL_NULL_CONVERSION = YES;
				CLANG_WARN_OBJC_IMPLICIT_RETAIN_SELF = YES;
				CLANG_WARN_OBJC_LITERAL_CONVERSION = YES;
				CLANG_WARN_OBJC_ROOT_CLASS = YES_ERROR;
				CLANG_WARN_QUOTED_INCLUDE_IN_FRAMEWORK_HEADER = YES;
				CLANG_WARN_RANGE_LOOP_ANALYSIS = YES;
				CLANG_WARN_STRICT_PROTOTYPES = YES;
				CLANG_WARN_SUSPICIOUS_MOVE = YES;
				CLANG_WARN_UNGUARDED_AVAILABILITY = YES_AGGRESSIVE;
				CLANG_WARN_UNREACHABLE_CODE = YES;
				CLANG_WARN__DUPLICATE_METHOD_MATCH = YES;
				COPY_PHASE_STRIP = NO;
				DEBUG_INFORMATION_FORMAT = "dwarf-with-dsym";
				ENABLE_NS_ASSERTIONS = NO;
				ENABLE_STRICT_OBJC_MSGSEND = YES;
				GCC_C_LANGUAGE_STANDARD = gnu11;
				GCC_NO_COMMON_BLOCKS = YES;
				GCC_WARN_64_TO_32_BIT_CONVERSION = YES;
				GCC_WARN_ABOUT_RETURN_TYPE = YES_ERROR;
				GCC_WARN_UNDECLARED_SELECTOR = YES;
				GCC_WARN_UNINITIALIZED_AUTOS = YES_AGGRESSIVE;
				GCC_WARN_UNUSED_FUNCTION = YES;
				GCC_WARN_UNUSED_VARIABLE = YES;
				MACOSX_DEPLOYMENT_TARGET = 11.1;
				MTL_ENABLE_DEBUG_INFO = NO;
				MTL_FAST_MATH = YES;
				SDKROOT = macosx;
			};
			name = Release;
		};
		40BF53A8264FA07D002D5D23 /* Debug */ = {
			isa = XCBuildConfiguration;
			buildSettings = {
				CODE_SIGN_STYLE = Automatic;
				DEVELOPMENT_TEAM = 3Y322LSDU5;
				ENABLE_HARDENED_RUNTIME = YES;
				PRODUCT_NAME = "$(TARGET_NAME)";
			};
			name = Debug;
		};
		40BF53A9264FA07D002D5D23 /* Release */ = {
			isa = XCBuildConfiguration;
			buildSettings = {
				CODE_SIGN_STYLE = Automatic;
				DEVELOPMENT_TEAM = 3Y322LSDU5;
				ENABLE_HARDENED_RUNTIME = YES;
				PRODUCT_NAME = "$(TARGET_NAME)";
			};
			name = Release;
		};
/* End XCBuildConfiguration section */

/* Begin XCConfigurationList section */
		40BF539B264FA07D002D5D23 /* Build configuration list for PBXProject "PostNotifications" */ = {
			isa = XCConfigurationList;
			buildConfigurations = (
				40BF53A5264FA07D002D5D23 /* Debug */,
				40BF53A6264FA07D002D5D23 /* Release */,
			);
			defaultConfigurationIsVisible = 0;
			defaultConfigurationName = Release;
		};
		40BF53A7264FA07D002D5D23 /* Build configuration list for PBXNativeTarget "PostNotifications" */ = {
			isa = XCConfigurationList;
			buildConfigurations = (
				40BF53A8264FA07D002D5D23 /* Debug */,
				40BF53A9264FA07D002D5D23 /* Release */,
			);
			defaultConfigurationIsVisible = 0;
			defaultConfigurationName = Release;
		};
/* End XCConfigurationList section */
	};
	rootObject = 40BF5398264FA07D002D5D23 /* Project object */;
}
